{
  "name": "nexwidget",
  "version": "1.1.4",
  "lockfileVersion": 2,
  "requires": true,
  "packages": {
    "": {
      "version": "1.1.4",
      "license": "MIT",
      "dependencies": {
        "lit-html": "^1.4.1",
        "nexbounce": "^1.0.20"
      },
      "engines": {
        "node": ">=14.6.0",
        "npm": ">=6.0.0"
      }
    },
    "node_modules/lit-html": {
      "version": "1.4.1",
      "resolved": "https://registry.npmjs.org/lit-html/-/lit-html-1.4.1.tgz",
      "integrity": "sha512-B9btcSgPYb1q4oSOb/PrOT6Z/H+r6xuNzfH4lFli/AWhYwdtrgQkQWBbIc6mdnf6E2IL3gDXdkkqNktpU0OZQA=="
    },
    "node_modules/nexbounce": {
      "version": "1.0.20",
      "resolved": "https://registry.npmjs.org/nexbounce/-/nexbounce-1.0.20.tgz",
      "integrity": "sha512-rTHn6zs9lyKMaY3nxxqoI0zIYc6gRbFejnDNOdBylp980Y87Y7o/bI3l7P2gLzpc4mB640Th/czYmy1UHBWHkA==",
      "engines": {
        "node": ">=14.6.0",
        "npm": ">=7.13.0"
      }
    }
  },
  "dependencies": {
    "lit-html": {
      "version": "1.4.1",
      "resolved": "https://registry.npmjs.org/lit-html/-/lit-html-1.4.1.tgz",
      "integrity": "sha512-B9btcSgPYb1q4oSOb/PrOT6Z/H+r6xuNzfH4lFli/AWhYwdtrgQkQWBbIc6mdnf6E2IL3gDXdkkqNktpU0OZQA=="
    },
    "nexbounce": {
      "version": "1.0.20",
      "resolved": "https://registry.npmjs.org/nexbounce/-/nexbounce-1.0.20.tgz",
      "integrity": "sha512-rTHn6zs9lyKMaY3nxxqoI0zIYc6gRbFejnDNOdBylp980Y87Y7o/bI3l7P2gLzpc4mB640Th/czYmy1UHBWHkA=="
    }
  }
}
