{
  "name": "nexwidget",
  "version": "2.0.3",
  "lockfileVersion": 2,
  "requires": true,
  "packages": {
    "": {
      "version": "2.0.3",
      "license": "MIT",
      "dependencies": {
        "lit-html": "^1.4.1",
        "nexbounce": "^1.0.21"
      },
      "engines": {
        "node": ">=14.6.0",
        "npm": ">=6.0.0"
      }
    },
    "node_modules/lit-html": {
      "version": "1.4.1",
      "resolved": "https://registry.npmjs.org/lit-html/-/lit-html-1.4.1.tgz",
      "integrity": "sha512-B9btcSgPYb1q4oSOb/PrOT6Z/H+r6xuNzfH4lFli/AWhYwdtrgQkQWBbIc6mdnf6E2IL3gDXdkkqNktpU0OZQA=="
    },
    "node_modules/nexbounce": {
      "version": "1.0.21",
      "resolved": "https://registry.npmjs.org/nexbounce/-/nexbounce-1.0.21.tgz",
      "integrity": "sha512-uEBdL1kvD2y86J7x/On0Z5yaaj5qHwaFPSK+rA+Bon7jfmxOGyBmH9hzDNanHii0r4kZKckjyIX5vyoci2EHZQ==",
      "engines": {
        "node": ">=14.6.0",
        "npm": ">=7.13.0"
      }
    }
  },
  "dependencies": {
    "lit-html": {
      "version": "1.4.1",
      "resolved": "https://registry.npmjs.org/lit-html/-/lit-html-1.4.1.tgz",
      "integrity": "sha512-B9btcSgPYb1q4oSOb/PrOT6Z/H+r6xuNzfH4lFli/AWhYwdtrgQkQWBbIc6mdnf6E2IL3gDXdkkqNktpU0OZQA=="
    },
    "nexbounce": {
      "version": "1.0.21",
      "resolved": "https://registry.npmjs.org/nexbounce/-/nexbounce-1.0.21.tgz",
      "integrity": "sha512-uEBdL1kvD2y86J7x/On0Z5yaaj5qHwaFPSK+rA+Bon7jfmxOGyBmH9hzDNanHii0r4kZKckjyIX5vyoci2EHZQ=="
    }
  }
}
