{
  "name": "nexwidget",
  "version": "2.3.2",
  "lockfileVersion": 2,
  "requires": true,
  "packages": {
    "": {
      "version": "2.3.2",
      "license": "MIT",
      "dependencies": {
        "lit-html": "^1.4.1",
        "nexbounce": "^2.0.8"
      },
      "engines": {
        "node": ">=14.6.0",
        "npm": ">=6.0.0"
      }
    },
    "node_modules/lit-html": {
      "version": "1.4.1",
      "resolved": "https://registry.npmjs.org/lit-html/-/lit-html-1.4.1.tgz",
      "integrity": "sha512-B9btcSgPYb1q4oSOb/PrOT6Z/H+r6xuNzfH4lFli/AWhYwdtrgQkQWBbIc6mdnf6E2IL3gDXdkkqNktpU0OZQA=="
    },
    "node_modules/nexbounce": {
      "version": "2.0.8",
      "resolved": "https://registry.npmjs.org/nexbounce/-/nexbounce-2.0.8.tgz",
      "integrity": "sha512-SrA8mdedz87pHZnqLBcVjmCPIup0TFjH8yR7t1D5I2s3ntnO7x4rsOf+hjFBMCvGDj1kys0BwGDiW9dY1m2kEg==",
      "engines": {
        "node": ">=14.6.0",
        "npm": ">=7.13.0"
      }
    }
  },
  "dependencies": {
    "lit-html": {
      "version": "1.4.1",
      "resolved": "https://registry.npmjs.org/lit-html/-/lit-html-1.4.1.tgz",
      "integrity": "sha512-B9btcSgPYb1q4oSOb/PrOT6Z/H+r6xuNzfH4lFli/AWhYwdtrgQkQWBbIc6mdnf6E2IL3gDXdkkqNktpU0OZQA=="
    },
    "nexbounce": {
      "version": "2.0.8",
      "resolved": "https://registry.npmjs.org/nexbounce/-/nexbounce-2.0.8.tgz",
      "integrity": "sha512-SrA8mdedz87pHZnqLBcVjmCPIup0TFjH8yR7t1D5I2s3ntnO7x4rsOf+hjFBMCvGDj1kys0BwGDiW9dY1m2kEg=="
    }
  }
}
